
Microsoft Visual Studio Solution File, Format Version 12.00
# Visual Studio Version 17
VisualStudioVersion = 17.4.33403.182
MinimumVisualStudioVersion = 10.0.40219.1
Project("{FAE04EC0-301F-11D3-BF4B-00C04F79EFBC}") = "eTickets", "eTickets\eTickets.csproj", "{49374585-E413-4A67-901C-3BA09D4F44C9}"
EndProject
Global
	GlobalSection(SolutionConfigurationPlatforms) = preSolution
		Debug|Any CPU = Debug|Any CPU
		Release|Any CPU = Release|Any CPU
	EndGlobalSection
	GlobalSection(ProjectConfigurationPlatforms) = postSolution
		{49374585-E413-4A67-901C-3BA09D4F44C9}.Debug|Any CPU.ActiveCfg = Debug|Any CPU
		{49374585-E413-4A67-901C-3BA09D4F44C9}.Debug|Any CPU.Build.0 = Debug|Any CPU
		{49374585-E413-4A67-901C-3BA09D4F44C9}.Release|Any CPU.ActiveCfg = Release|Any CPU
		{49374585-E413-4A67-901C-3BA09D4F44C9}.Release|Any CPU.Build.0 = Release|Any CPU
	EndGlobalSection
	GlobalSection(SolutionProperties) = preSolution
		HideSolutionNode = FALSE
	EndGlobalSection
	GlobalSection(ExtensibilityGlobals) = postSolution
		SolutionGuid = {23DB488F-CC98-4788-A401-9C0B4B67C3E9}
	EndGlobalSection
EndGlobal
